
Microsoft Visual Studio Solution File, Format Version 12.00
# Visual Studio Version 17
VisualStudioVersion = 17.8.34511.84
MinimumVisualStudioVersion = 10.0.40219.1
Project("{FAE04EC0-301F-11D3-BF4B-00C04F79EFBC}") = "Practice8-1", "Practice8-1\Practice8-1.csproj", "{8B8C2C5D-E91E-4048-8CA4-3EFA0C7C7D6E}"
EndProject
Project("{FAE04EC0-301F-11D3-BF4B-00C04F79EFBC}") = "Practice8-2", "Practice8-2\Practice8-2.csproj", "{4DBEB6DD-1096-405D-A96F-3FDF2BF672AD}"
EndProject
Project("{FAE04EC0-301F-11D3-BF4B-00C04F79EFBC}") = "Practice8-3", "Practice8-3\Practice8-3.csproj", "{06EECDDD-73DA-475B-8C4D-A192666F0A2A}"
EndProject
Project("{FAE04EC0-301F-11D3-BF4B-00C04F79EFBC}") = "Practice8-4", "Practice8-4\Practice8-4.csproj", "{8184A5B0-2A9A-4F8E-ACA9-B00C5DDCF414}"
EndProject
Project("{FAE04EC0-301F-11D3-BF4B-00C04F79EFBC}") = "Practice8-4b", "..\..\Practice08-04b\Practice8-4b.csproj", "{A33FDA48-ADFF-44C2-8D41-E91515FEC38A}"
EndProject
Global
	GlobalSection(SolutionConfigurationPlatforms) = preSolution
		Debug|Any CPU = Debug|Any CPU
		Release|Any CPU = Release|Any CPU
	EndGlobalSection
	GlobalSection(ProjectConfigurationPlatforms) = postSolution
		{8B8C2C5D-E91E-4048-8CA4-3EFA0C7C7D6E}.Debug|Any CPU.ActiveCfg = Debug|Any CPU
		{8B8C2C5D-E91E-4048-8CA4-3EFA0C7C7D6E}.Debug|Any CPU.Build.0 = Debug|Any CPU
		{8B8C2C5D-E91E-4048-8CA4-3EFA0C7C7D6E}.Release|Any CPU.ActiveCfg = Release|Any CPU
		{8B8C2C5D-E91E-4048-8CA4-3EFA0C7C7D6E}.Release|Any CPU.Build.0 = Release|Any CPU
		{4DBEB6DD-1096-405D-A96F-3FDF2BF672AD}.Debug|Any CPU.ActiveCfg = Debug|Any CPU
		{4DBEB6DD-1096-405D-A96F-3FDF2BF672AD}.Debug|Any CPU.Build.0 = Debug|Any CPU
		{4DBEB6DD-1096-405D-A96F-3FDF2BF672AD}.Release|Any CPU.ActiveCfg = Release|Any CPU
		{4DBEB6DD-1096-405D-A96F-3FDF2BF672AD}.Release|Any CPU.Build.0 = Release|Any CPU
		{06EECDDD-73DA-475B-8C4D-A192666F0A2A}.Debug|Any CPU.ActiveCfg = Debug|Any CPU
		{06EECDDD-73DA-475B-8C4D-A192666F0A2A}.Debug|Any CPU.Build.0 = Debug|Any CPU
		{06EECDDD-73DA-475B-8C4D-A192666F0A2A}.Release|Any CPU.ActiveCfg = Release|Any CPU
		{06EECDDD-73DA-475B-8C4D-A192666F0A2A}.Release|Any CPU.Build.0 = Release|Any CPU
		{8184A5B0-2A9A-4F8E-ACA9-B00C5DDCF414}.Debug|Any CPU.ActiveCfg = Debug|Any CPU
		{8184A5B0-2A9A-4F8E-ACA9-B00C5DDCF414}.Debug|Any CPU.Build.0 = Debug|Any CPU
		{8184A5B0-2A9A-4F8E-ACA9-B00C5DDCF414}.Release|Any CPU.ActiveCfg = Release|Any CPU
		{8184A5B0-2A9A-4F8E-ACA9-B00C5DDCF414}.Release|Any CPU.Build.0 = Release|Any CPU
		{A33FDA48-ADFF-44C2-8D41-E91515FEC38A}.Debug|Any CPU.ActiveCfg = Debug|Any CPU
		{A33FDA48-ADFF-44C2-8D41-E91515FEC38A}.Debug|Any CPU.Build.0 = Debug|Any CPU
		{A33FDA48-ADFF-44C2-8D41-E91515FEC38A}.Release|Any CPU.ActiveCfg = Release|Any CPU
		{A33FDA48-ADFF-44C2-8D41-E91515FEC38A}.Release|Any CPU.Build.0 = Release|Any CPU
	EndGlobalSection
	GlobalSection(SolutionProperties) = preSolution
		HideSolutionNode = FALSE
	EndGlobalSection
	GlobalSection(ExtensibilityGlobals) = postSolution
		SolutionGuid = {8FD2290C-3B40-4D68-94F7-B627F1CFF9AD}
	EndGlobalSection
EndGlobal
